
Microsoft Visual Studio Solution File, Format Version 12.00
# Visual Studio Version 17
VisualStudioVersion = 17.7.34221.43
MinimumVisualStudioVersion = 10.0.40219.1
Project("{9A19103F-16F7-4668-BE54-9A1E7A4F7556}") = "EquityCalculatorAPI", "EquityCalculator\EquityCalculatorAPI.csproj", "{769FA47C-67F5-4B11-8C1C-910E209B35BE}"
EndProject
Project("{9A19103F-16F7-4668-BE54-9A1E7A4F7556}") = "WebApp", "WebApp\WebApp.csproj", "{9ED98022-B335-434B-943B-DB9940BA1565}"
EndProject
Project("{9A19103F-16F7-4668-BE54-9A1E7A4F7556}") = "ApplicationCore", "ApplicationCore\ApplicationCore.csproj", "{F5273132-79DF-401B-9C76-852E07F7EA0F}"
EndProject
Global
	GlobalSection(SolutionConfigurationPlatforms) = preSolution
		Debug|Any CPU = Debug|Any CPU
		Release|Any CPU = Release|Any CPU
	EndGlobalSection
	GlobalSection(ProjectConfigurationPlatforms) = postSolution
		{769FA47C-67F5-4B11-8C1C-910E209B35BE}.Debug|Any CPU.ActiveCfg = Debug|Any CPU
		{769FA47C-67F5-4B11-8C1C-910E209B35BE}.Debug|Any CPU.Build.0 = Debug|Any CPU
		{769FA47C-67F5-4B11-8C1C-910E209B35BE}.Release|Any CPU.ActiveCfg = Release|Any CPU
		{769FA47C-67F5-4B11-8C1C-910E209B35BE}.Release|Any CPU.Build.0 = Release|Any CPU
		{9ED98022-B335-434B-943B-DB9940BA1565}.Debug|Any CPU.ActiveCfg = Debug|Any CPU
		{9ED98022-B335-434B-943B-DB9940BA1565}.Debug|Any CPU.Build.0 = Debug|Any CPU
		{9ED98022-B335-434B-943B-DB9940BA1565}.Release|Any CPU.ActiveCfg = Release|Any CPU
		{9ED98022-B335-434B-943B-DB9940BA1565}.Release|Any CPU.Build.0 = Release|Any CPU
		{F5273132-79DF-401B-9C76-852E07F7EA0F}.Debug|Any CPU.ActiveCfg = Debug|Any CPU
		{F5273132-79DF-401B-9C76-852E07F7EA0F}.Debug|Any CPU.Build.0 = Debug|Any CPU
		{F5273132-79DF-401B-9C76-852E07F7EA0F}.Release|Any CPU.ActiveCfg = Release|Any CPU
		{F5273132-79DF-401B-9C76-852E07F7EA0F}.Release|Any CPU.Build.0 = Release|Any CPU
	EndGlobalSection
	GlobalSection(SolutionProperties) = preSolution
		HideSolutionNode = FALSE
	EndGlobalSection
	GlobalSection(ExtensibilityGlobals) = postSolution
		SolutionGuid = {B2DAE702-D259-42F1-9793-04D07EAF5FC0}
	EndGlobalSection
EndGlobal
